
Microsoft Visual Studio Solution File, Format Version 12.00
# Visual Studio Version 17
VisualStudioVersion = 17.5.33530.505
MinimumVisualStudioVersion = 10.0.40219.1
Project("{FAE04EC0-301F-11D3-BF4B-00C04F79EFBC}") = "Berek", "Berek.csproj", "{CF526DB4-E1D0-4A61-BC9F-D1CB987687FD}"
EndProject
Global
	GlobalSection(SolutionConfigurationPlatforms) = preSolution
		Debug|Any CPU = Debug|Any CPU
		Release|Any CPU = Release|Any CPU
	EndGlobalSection
	GlobalSection(ProjectConfigurationPlatforms) = postSolution
		{CF526DB4-E1D0-4A61-BC9F-D1CB987687FD}.Debug|Any CPU.ActiveCfg = Debug|Any CPU
		{CF526DB4-E1D0-4A61-BC9F-D1CB987687FD}.Debug|Any CPU.Build.0 = Debug|Any CPU
		{CF526DB4-E1D0-4A61-BC9F-D1CB987687FD}.Release|Any CPU.ActiveCfg = Release|Any CPU
		{CF526DB4-E1D0-4A61-BC9F-D1CB987687FD}.Release|Any CPU.Build.0 = Release|Any CPU
	EndGlobalSection
	GlobalSection(SolutionProperties) = preSolution
		HideSolutionNode = FALSE
	EndGlobalSection
	GlobalSection(ExtensibilityGlobals) = postSolution
		SolutionGuid = {D3CE5CFC-3286-4782-B94E-72C1BC983630}
	EndGlobalSection
EndGlobal
